dependencies:
- name: common
  repository: https://charts.bitnami.com/bitnami
  version: 1.16.1
- name: redis
  repository: https://charts.bitnami.com/bitnami/redis
  version: 17.0.1
digest: sha256:21a691e9ac040ad22ded3dd9c3e26cc701d3a7e40fefe7ef6e1d7ce98a77a7e8
generated: "2022-08-10T01:36:26.012944+07:00"
