dependencies:
- name: common
  repository: https://charts.bitnami.com/bitnami
  version: 1.17.1
- name: redis
  repository: https://charts.bitnami.com/bitnami/redis
  version: 17.0.1
digest: sha256:8b1cc056c3a84921e4e9eefe507fe59e7faef0f60b966f19054f4c12e27526fe
generated: "2022-08-22T18:43:27.639857+07:00"
