dependencies:
- name: common
  repository: https://charts.bitnami.com/bitnami
  version: 1.17.1
- name: redis
  repository: https://charts.bitnami.com/bitnami
  version: 17.0.1
digest: sha256:93b0dd76a81439e79407fd552ea07bd54692fcbafe26d5dbcce0db51eeeb79f4
generated: "2023-02-13T10:28:28.143635+07:00"
